
Microsoft Visual Studio Solution File, Format Version 12.00
# Visual Studio 15
VisualStudioVersion = 15.0.28307.421
MinimumVisualStudioVersion = 10.0.40219.1
Project("{FAE04EC0-301F-11D3-BF4B-00C04F79EFBC}") = "Capitulo01", "Capitulo01\Capitulo01.csproj", "{5A56DC42-6063-4699-9C06-EEA5F498920D}"
EndProject
Global
	GlobalSection(SolutionConfigurationPlatforms) = preSolution
		Debug|Any CPU = Debug|Any CPU
		Release|Any CPU = Release|Any CPU
	EndGlobalSection
	GlobalSection(ProjectConfigurationPlatforms) = postSolution
		{5A56DC42-6063-4699-9C06-EEA5F498920D}.Debug|Any CPU.ActiveCfg = Debug|Any CPU
		{5A56DC42-6063-4699-9C06-EEA5F498920D}.Debug|Any CPU.Build.0 = Debug|Any CPU
		{5A56DC42-6063-4699-9C06-EEA5F498920D}.Release|Any CPU.ActiveCfg = Release|Any CPU
		{5A56DC42-6063-4699-9C06-EEA5F498920D}.Release|Any CPU.Build.0 = Release|Any CPU
	EndGlobalSection
	GlobalSection(SolutionProperties) = preSolution
		HideSolutionNode = FALSE
	EndGlobalSection
	GlobalSection(ExtensibilityGlobals) = postSolution
		SolutionGuid = {20130788-604A-4F5B-8056-22E17F226EFB}
	EndGlobalSection
EndGlobal
